Microsoft Visual Studio Solution File, Format Version 12.00
# Visual Studio Version 17
VisualStudioVersion = 17.5.2.0
MinimumVisualStudioVersion = 10.0.40219.1
Project("{FAE04EC0-301F-11D3-BF4B-00C04F79EFBC}") = "lab-9-maze-part-2-benji-stansfield", "lab-9-maze-part-2-benji-stansfield.csproj", "{B302F6CC-A02B-6994-A0BC-2B67C057FAB2}"
EndProject
Global
	GlobalSection(SolutionConfigurationPlatforms) = preSolution
		Debug|Any CPU = Debug|Any CPU
		Release|Any CPU = Release|Any CPU
	EndGlobalSection
	GlobalSection(ProjectConfigurationPlatforms) = postSolution
		{B302F6CC-A02B-6994-A0BC-2B67C057FAB2}.Debug|Any CPU.ActiveCfg = Debug|Any CPU
		{B302F6CC-A02B-6994-A0BC-2B67C057FAB2}.Debug|Any CPU.Build.0 = Debug|Any CPU
		{B302F6CC-A02B-6994-A0BC-2B67C057FAB2}.Release|Any CPU.ActiveCfg = Release|Any CPU
		{B302F6CC-A02B-6994-A0BC-2B67C057FAB2}.Release|Any CPU.Build.0 = Release|Any CPU
	EndGlobalSection
	GlobalSection(SolutionProperties) = preSolution
		HideSolutionNode = FALSE
	EndGlobalSection
	GlobalSection(ExtensibilityGlobals) = postSolution
		SolutionGuid = {3515E4C7-1823-45E6-89F4-C28ED8C776F9}
	EndGlobalSection
EndGlobal
